// !$*UTF8*$!
{
	archiveVersion = 1;
	classes = {
	};
	objectVersion = 46;
	objects = {

/* Begin PBXBuildFile section */
		E925640619E9B47000BEFA7F /* main.m in Sources */ = {isa = PBXBuildFile; fileRef = E925640519E9B47000BEFA7F /* main.m */; };
		E925640919E9B47000BEFA7F /* AppDelegate.m in Sources */ = {isa = PBXBuildFile; fileRef = E925640819E9B47000BEFA7F /* AppDelegate.m */; };
		E925640C19E9B47000BEFA7F /* ViewController.m in Sources */ = {isa = PBXBuildFile; fileRef = E925640B19E9B47000BEFA7F /* ViewController.m */; };
		E925640F19E9B47000BEFA7F /* Main.storyboard in Resources */ = {isa = PBXBuildFile; fileRef = E925640D19E9B47000BEFA7F /* Main.storyboard */; };
		E925641119E9B47000BEFA7F /* Images.xcassets in Resources */ = {isa = PBXBuildFile; fileRef = E925641019E9B47000BEFA7F /* Images.xcassets */; };
		E925641419E9B47000BEFA7F /* LaunchScreen.xib in Resources */ = {isa = PBXBuildFile; fileRef = E925641219E9B47000BEFA7F /* LaunchScreen.xib */; };
		E925642019E9B47000BEFA7F /* MakeTheImageTests.m in Sources */ = {isa = PBXBuildFile; fileRef = E925641F19E9B47000BEFA7F /* MakeTheImageTests.m */; };
		E925643C19E9B5B200BEFA7F /* 1.png in Resources */ = {isa = PBXBuildFile; fileRef = E925642A19E9B5B200BEFA7F /* 1.png */; };
		E925643D19E9B5B200BEFA7F /* 10.png in Resources */ = {isa = PBXBuildFile; fileRef = E925642B19E9B5B200BEFA7F /* 10.png */; };
		E925643E19E9B5B200BEFA7F /* 11.png in Resources */ = {isa = PBXBuildFile; fileRef = E925642C19E9B5B200BEFA7F /* 11.png */; };
		E925643F19E9B5B200BEFA7F /* 12.png in Resources */ = {isa = PBXBuildFile; fileRef = E925642D19E9B5B200BEFA7F /* 12.png */; };
		E925644019E9B5B200BEFA7F /* 13.png in Resources */ = {isa = PBXBuildFile; fileRef = E925642E19E9B5B200BEFA7F /* 13.png */; };
		E925644119E9B5B200BEFA7F /* 14.png in Resources */ = {isa = PBXBuildFile; fileRef = E925642F19E9B5B200BEFA7F /* 14.png */; };
		E925644219E9B5B200BEFA7F /* 15.png in Resources */ = {isa = PBXBuildFile; fileRef = E925643019E9B5B200BEFA7F /* 15.png */; };
		E925644319E9B5B200BEFA7F /* 16.png in Resources */ = {isa = PBXBuildFile; fileRef = E925643119E9B5B200BEFA7F /* 16.png */; };
		E925644419E9B5B200BEFA7F /* 17.png in Resources */ = {isa = PBXBuildFile; fileRef = E925643219E9B5B200BEFA7F /* 17.png */; };
		E925644519E9B5B200BEFA7F /* 18.png in Resources */ = {isa = PBXBuildFile; fileRef = E925643319E9B5B200BEFA7F /* 18.png */; };
		E925644619E9B5B200BEFA7F /* 2.png in Resources */ = {isa = PBXBuildFile; fileRef = E925643419E9B5B200BEFA7F /* 2.png */; };
		E925644719E9B5B200BEFA7F /* 3.png in Resources */ = {isa = PBXBuildFile; fileRef = E925643519E9B5B200BEFA7F /* 3.png */; };
		E925644819E9B5B200BEFA7F /* 4.png in Resources */ = {isa = PBXBuildFile; fileRef = E925643619E9B5B200BEFA7F /* 4.png */; };
		E925644919E9B5B200BEFA7F /* 5.png in Resources */ = {isa = PBXBuildFile; fileRef = E925643719E9B5B200BEFA7F /* 5.png */; };
		E925644A19E9B5B200BEFA7F /* 6.png in Resources */ = {isa = PBXBuildFile; fileRef = E925643819E9B5B200BEFA7F /* 6.png */; };
		E925644B19E9B5B200BEFA7F /* 7.png in Resources */ = {isa = PBXBuildFile; fileRef = E925643919E9B5B200BEFA7F /* 7.png */; };
		E925644C19E9B5B200BEFA7F /* 8.png in Resources */ = {isa = PBXBuildFile; fileRef = E925643A19E9B5B200BEFA7F /* 8.png */; };
		E925644D19E9B5B200BEFA7F /* 9.png in Resources */ = {isa = PBXBuildFile; fileRef = E925643B19E9B5B200BEFA7F /* 9.png */; };
		E925646519E9B5DF00BEFA7F /* 1.jpg in Resources */ = {isa = PBXBuildFile; fileRef = E925644F19E9B5DF00BEFA7F /* 1.jpg */; };
		E925646619E9B5DF00BEFA7F /* 10.jpg in Resources */ = {isa = PBXBuildFile; fileRef = E925645019E9B5DF00BEFA7F /* 10.jpg */; };
		E925646719E9B5DF00BEFA7F /* 11.jpg in Resources */ = {isa = PBXBuildFile; fileRef = E925645119E9B5DF00BEFA7F /* 11.jpg */; };
		E925646819E9B5DF00BEFA7F /* 12.jpg in Resources */ = {isa = PBXBuildFile; fileRef = E925645219E9B5DF00BEFA7F /* 12.jpg */; };
		E925646919E9B5DF00BEFA7F /* 13.jpg in Resources */ = {isa = PBXBuildFile; fileRef = E925645319E9B5DF00BEFA7F /* 13.jpg */; };
		E925646A19E9B5DF00BEFA7F /* 14.jpg in Resources */ = {isa = PBXBuildFile; fileRef = E925645419E9B5DF00BEFA7F /* 14.jpg */; };
		E925646B19E9B5DF00BEFA7F /* 15.jpg in Resources */ = {isa = PBXBuildFile; fileRef = E925645519E9B5DF00BEFA7F /* 15.jpg */; };
		E925646C19E9B5DF00BEFA7F /* 16.jpg in Resources */ = {isa = PBXBuildFile; fileRef = E925645619E9B5DF00BEFA7F /* 16.jpg */; };
		E925646D19E9B5DF00BEFA7F /* 17.jpg in Resources */ = {isa = PBXBuildFile; fileRef = E925645719E9B5DF00BEFA7F /* 17.jpg */; };
		E925646E19E9B5DF00BEFA7F /* 18.jpg in Resources */ = {isa = PBXBuildFile; fileRef = E925645819E9B5DF00BEFA7F /* 18.jpg */; };
		E925646F19E9B5DF00BEFA7F /* 19.jpg in Resources */ = {isa = PBXBuildFile; fileRef = E925645919E9B5DF00BEFA7F /* 19.jpg */; };
		E925647019E9B5DF00BEFA7F /* 2.jpg in Resources */ = {isa = PBXBuildFile; fileRef = E925645A19E9B5DF00BEFA7F /* 2.jpg */; };
		E925647119E9B5DF00BEFA7F /* 20.jpg in Resources */ = {isa = PBXBuildFile; fileRef = E925645B19E9B5DF00BEFA7F /* 20.jpg */; };
		E925647219E9B5DF00BEFA7F /* 21.jpg in Resources */ = {isa = PBXBuildFile; fileRef = E925645C19E9B5DF00BEFA7F /* 21.jpg */; };
		E925647319E9B5DF00BEFA7F /* 22.jpg in Resources */ = {isa = PBXBuildFile; fileRef = E925645D19E9B5DF00BEFA7F /* 22.jpg */; };
		E925647419E9B5DF00BEFA7F /* 3.jpg in Resources */ = {isa = PBXBuildFile; fileRef = E925645E19E9B5DF00BEFA7F /* 3.jpg */; };
		E925647519E9B5DF00BEFA7F /* 4.jpg in Resources */ = {isa = PBXBuildFile; fileRef = E925645F19E9B5DF00BEFA7F /* 4.jpg */; };
		E925647619E9B5DF00BEFA7F /* 5.jpg in Resources */ = {isa = PBXBuildFile; fileRef = E925646019E9B5DF00BEFA7F /* 5.jpg */; };
		E925647719E9B5DF00BEFA7F /* 6.jpg in Resources */ = {isa = PBXBuildFile; fileRef = E925646119E9B5DF00BEFA7F /* 6.jpg */; };
		E925647819E9B5DF00BEFA7F /* 7.jpg in Resources */ = {isa = PBXBuildFile; fileRef = E925646219E9B5DF00BEFA7F /* 7.jpg */; };
		E925647919E9B5DF00BEFA7F /* 8.jpg in Resources */ = {isa = PBXBuildFile; fileRef = E925646319E9B5DF00BEFA7F /* 8.jpg */; };
		E925647A19E9B5DF00BEFA7F /* 9.jpg in Resources */ = {isa = PBXBuildFile; fileRef = E925646419E9B5DF00BEFA7F /* 9.jpg */; };
		E925647D19E9B8FF00BEFA7F /* CollectionViewControllerNiveles.m in Sources */ = {isa = PBXBuildFile; fileRef = E925647C19E9B8FF00BEFA7F /* CollectionViewControllerNiveles.m */; };
		E925648319E9BBC200BEFA7F /* nivelCell.m in Sources */ = {isa = PBXBuildFile; fileRef = E925648219E9BBC200BEFA7F /* nivelCell.m */; };
		E925648619E9BBD700BEFA7F /* opcionesCell.m in Sources */ = {isa = PBXBuildFile; fileRef = E925648519E9BBD700BEFA7F /* opcionesCell.m */; };
/* End PBXBuildFile section */

/* Begin PBXContainerItemProxy section */
		E925641A19E9B47000BEFA7F /* PBXContainerItemProxy */ = {
			isa = PBXContainerItemProxy;
			containerPortal = E92563F819E9B47000BEFA7F /* Project object */;
			proxyType = 1;
			remoteGlobalIDString = E92563FF19E9B47000BEFA7F;
			remoteInfo = MakeTheImage;
		};
/* End PBXContainerItemProxy section */

/* Begin PBXFileReference section */
		E925640019E9B47000BEFA7F /* MakeTheImage.app */ = {isa = PBXFileReference; explicitFileType = wrapper.application; includeInIndex = 0; path = MakeTheImage.app; sourceTree = BUILT_PRODUCTS_DIR; };
		E925640419E9B47000BEFA7F /* Info.plist */ = {isa = PBXFileReference; lastKnownFileType = text.plist.xml; path = Info.plist; sourceTree = "<group>"; };
		E925640519E9B47000BEFA7F /* main.m */ = {isa = PBXFileReference; lastKnownFileType = sourcecode.c.objc; path = main.m; sourceTree = "<group>"; };
		E925640719E9B47000BEFA7F /* AppDelegate.h */ = {isa = PBXFileReference; lastKnownFileType = sourcecode.c.h; path = AppDelegate.h; sourceTree = "<group>"; };
		E925640819E9B47000BEFA7F /* AppDelegate.m */ = {isa = PBXFileReference; lastKnownFileType = sourcecode.c.objc; path = AppDelegate.m; sourceTree = "<group>"; };
		E925640A19E9B47000BEFA7F /* ViewController.h */ = {isa = PBXFileReference; lastKnownFileType = sourcecode.c.h; path = ViewController.h; sourceTree = "<group>"; };
		E925640B19E9B47000BEFA7F /* ViewController.m */ = {isa = PBXFileReference; lastKnownFileType = sourcecode.c.objc; path = ViewController.m; sourceTree = "<group>"; };
		E925640E19E9B47000BEFA7F /* Base */ = {isa = PBXFileReference; lastKnownFileType = file.storyboard; name = Base; path = Base.lproj/Main.storyboard; sourceTree = "<group>"; };
		E925641019E9B47000BEFA7F /* Images.xcassets */ = {isa = PBXFileReference; lastKnownFileType = folder.assetcatalog; path = Images.xcassets; sourceTree = "<group>"; };
		E925641319E9B47000BEFA7F /* Base */ = {isa = PBXFileReference; lastKnownFileType = file.xib; name = Base; path = Base.lproj/LaunchScreen.xib; sourceTree = "<group>"; };
		E925641919E9B47000BEFA7F /* MakeTheImageTests.xctest */ = {isa = PBXFileReference; explicitFileType = wrapper.cfbundle; includeInIndex = 0; path = MakeTheImageTests.xctest; sourceTree = BUILT_PRODUCTS_DIR; };
		E925641E19E9B47000BEFA7F /* Info.plist */ = {isa = PBXFileReference; lastKnownFileType = text.plist.xml; path = Info.plist; sourceTree = "<group>"; };
		E925641F19E9B47000BEFA7F /* MakeTheImageTests.m */ = {isa = PBXFileReference; lastKnownFileType = sourcecode.c.objc; path = MakeTheImageTests.m; sourceTree = "<group>"; };
		E925642A19E9B5B200BEFA7F /* 1.png */ = {isa = PBXFileReference; lastKnownFileType = image.png; path = 1.png; sourceTree = "<group>"; };
		E925642B19E9B5B200BEFA7F /* 10.png */ = {isa = PBXFileReference; lastKnownFileType = image.png; path = 10.png; sourceTree = "<group>"; };
		E925642C19E9B5B200BEFA7F /* 11.png */ = {isa = PBXFileReference; lastKnownFileType = image.png; path = 11.png; sourceTree = "<group>"; };
		E925642D19E9B5B200BEFA7F /* 12.png */ = {isa = PBXFileReference; lastKnownFileType = image.png; path = 12.png; sourceTree = "<group>"; };
		E925642E19E9B5B200BEFA7F /* 13.png */ = {isa = PBXFileReference; lastKnownFileType = image.png; path = 13.png; sourceTree = "<group>"; };
		E925642F19E9B5B200BEFA7F /* 14.png */ = {isa = PBXFileReference; lastKnownFileType = image.png; path = 14.png; sourceTree = "<group>"; };
		E925643019E9B5B200BEFA7F /* 15.png */ = {isa = PBXFileReference; lastKnownFileType = image.png; path = 15.png; sourceTree = "<group>"; };
		E925643119E9B5B200BEFA7F /* 16.png */ = {isa = PBXFileReference; lastKnownFileType = image.png; path = 16.png; sourceTree = "<group>"; };
		E925643219E9B5B200BEFA7F /* 17.png */ = {isa = PBXFileReference; lastKnownFileType = image.png; path = 17.png; sourceTree = "<group>"; };
		E925643319E9B5B200BEFA7F /* 18.png */ = {isa = PBXFileReference; lastKnownFileType = image.png; path = 18.png; sourceTree = "<group>"; };
		E925643419E9B5B200BEFA7F /* 2.png */ = {isa = PBXFileReference; lastKnownFileType = image.png; path = 2.png; sourceTree = "<group>"; };
		E925643519E9B5B200BEFA7F /* 3.png */ = {isa = PBXFileReference; lastKnownFileType = image.png; path = 3.png; sourceTree = "<group>"; };
		E925643619E9B5B200BEFA7F /* 4.png */ = {isa = PBXFileReference; lastKnownFileType = image.png; path = 4.png; sourceTree = "<group>"; };
		E925643719E9B5B200BEFA7F /* 5.png */ = {isa = PBXFileReference; lastKnownFileType = image.png; path = 5.png; sourceTree = "<group>"; };
		E925643819E9B5B200BEFA7F /* 6.png */ = {isa = PBXFileReference; lastKnownFileType = image.png; path = 6.png; sourceTree = "<group>"; };
		E925643919E9B5B200BEFA7F /* 7.png */ = {isa = PBXFileReference; lastKnownFileType = image.png; path = 7.png; sourceTree = "<group>"; };
		E925643A19E9B5B200BEFA7F /* 8.png */ = {isa = PBXFileReference; lastKnownFileType = image.png; path = 8.png; sourceTree = "<group>"; };
		E925643B19E9B5B200BEFA7F /* 9.png */ = {isa = PBXFileReference; lastKnownFileType = image.png; path = 9.png; sourceTree = "<group>"; };
		E925644F19E9B5DF00BEFA7F /* 1.jpg */ = {isa = PBXFileReference; lastKnownFileType = image.jpeg; path = 1.jpg; sourceTree = "<group>"; };
		E925645019E9B5DF00BEFA7F /* 10.jpg */ = {isa = PBXFileReference; lastKnownFileType = image.jpeg; path = 10.jpg; sourceTree = "<group>"; };
		E925645119E9B5DF00BEFA7F /* 11.jpg */ = {isa = PBXFileReference; lastKnownFileType = image.jpeg; path = 11.jpg; sourceTree = "<group>"; };
		E925645219E9B5DF00BEFA7F /* 12.jpg */ = {isa = PBXFileReference; lastKnownFileType = image.jpeg; path = 12.jpg; sourceTree = "<group>"; };
		E925645319E9B5DF00BEFA7F /* 13.jpg */ = {isa = PBXFileReference; lastKnownFileType = image.jpeg; path = 13.jpg; sourceTree = "<group>"; };
		E925645419E9B5DF00BEFA7F /* 14.jpg */ = {isa = PBXFileReference; lastKnownFileType = image.jpeg; path = 14.jpg; sourceTree = "<group>"; };
		E925645519E9B5DF00BEFA7F /* 15.jpg */ = {isa = PBXFileReference; lastKnownFileType = image.jpeg; path = 15.jpg; sourceTree = "<group>"; };
		E925645619E9B5DF00BEFA7F /* 16.jpg */ = {isa = PBXFileReference; lastKnownFileType = image.jpeg; path = 16.jpg; sourceTree = "<group>"; };
		E925645719E9B5DF00BEFA7F /* 17.jpg */ = {isa = PBXFileReference; lastKnownFileType = image.jpeg; path = 17.jpg; sourceTree = "<group>"; };
		E925645819E9B5DF00BEFA7F /* 18.jpg */ = {isa = PBXFileReference; lastKnownFileType = image.jpeg; path = 18.jpg; sourceTree = "<group>"; };
		E925645919E9B5DF00BEFA7F /* 19.jpg */ = {isa = PBXFileReference; lastKnownFileType = image.jpeg; path = 19.jpg; sourceTree = "<group>"; };
		E925645A19E9B5DF00BEFA7F /* 2.jpg */ = {isa = PBXFileReference; lastKnownFileType = image.jpeg; path = 2.jpg; sourceTree = "<group>"; };
		E925645B19E9B5DF00BEFA7F /* 20.jpg */ = {isa = PBXFileReference; lastKnownFileType = image.jpeg; path = 20.jpg; sourceTree = "<group>"; };
		E925645C19E9B5DF00BEFA7F /* 21.jpg */ = {isa = PBXFileReference; lastKnownFileType = image.jpeg; path = 21.jpg; sourceTree = "<group>"; };
		E925645D19E9B5DF00BEFA7F /* 22.jpg */ = {isa = PBXFileReference; lastKnownFileType = image.jpeg; path = 22.jpg; sourceTree = "<group>"; };
		E925645E19E9B5DF00BEFA7F /* 3.jpg */ = {isa = PBXFileReference; lastKnownFileType = image.jpeg; path = 3.jpg; sourceTree = "<group>"; };
		E925645F19E9B5DF00BEFA7F /* 4.jpg */ = {isa = PBXFileReference; lastKnownFileType = image.jpeg; path = 4.jpg; sourceTree = "<group>"; };
		E925646019E9B5DF00BEFA7F /* 5.jpg */ = {isa = PBXFileReference; lastKnownFileType = image.jpeg; path = 5.jpg; sourceTree = "<group>"; };
		E925646119E9B5DF00BEFA7F /* 6.jpg */ = {isa = PBXFileReference; lastKnownFileType = image.jpeg; path = 6.jpg; sourceTree = "<group>"; };
		E925646219E9B5DF00BEFA7F /* 7.jpg */ = {isa = PBXFileReference; lastKnownFileType = image.jpeg; path = 7.jpg; sourceTree = "<group>"; };
		E925646319E9B5DF00BEFA7F /* 8.jpg */ = {isa = PBXFileReference; lastKnownFileType = image.jpeg; path = 8.jpg; sourceTree = "<group>"; };
		E925646419E9B5DF00BEFA7F /* 9.jpg */ = {isa = PBXFileReference; lastKnownFileType = image.jpeg; path = 9.jpg; sourceTree = "<group>"; };
		E925647B19E9B8FF00BEFA7F /* CollectionViewControllerNiveles.h */ = {isa = PBXFileReference; fileEncoding = 4; lastKnownFileType = sourcecode.c.h; name = CollectionViewControllerNiveles.h; path = ../CollectionViewControllerNiveles.h; sourceTree = "<group>"; };
		E925647C19E9B8FF00BEFA7F /* CollectionViewControllerNiveles.m */ = {isa = PBXFileReference; fileEncoding = 4; lastKnownFileType = sourcecode.c.objc; name = CollectionViewControllerNiveles.m; path = ../CollectionViewControllerNiveles.m; sourceTree = "<group>"; };
		E925648119E9BBC200BEFA7F /* nivelCell.h */ = {isa = PBXFileReference; fileEncoding = 4; lastKnownFileType = sourcecode.c.h; path = nivelCell.h; sourceTree = "<group>"; };
		E925648219E9BBC200BEFA7F /* nivelCell.m */ = {isa = PBXFileReference; fileEncoding = 4; lastKnownFileType = sourcecode.c.objc; path = nivelCell.m; sourceTree = "<group>"; };
		E925648419E9BBD700BEFA7F /* opcionesCell.h */ = {isa = PBXFileReference; fileEncoding = 4; lastKnownFileType = sourcecode.c.h; path = opcionesCell.h; sourceTree = "<group>"; };
		E925648519E9BBD700BEFA7F /* opcionesCell.m */ = {isa = PBXFileReference; fileEncoding = 4; lastKnownFileType = sourcecode.c.objc; path = opcionesCell.m; sourceTree = "<group>"; };
/* End PBXFileReference section */

/* Begin PBXFrameworksBuildPhase section */
		E92563FD19E9B47000BEFA7F /* Frameworks */ = {
			isa = PBXFrameworksBuildPhase;
			buildActionMask = 2147483647;
			files = (
			);
			runOnlyForDeploymentPostprocessing = 0;
		};
		E925641619E9B47000BEFA7F /* Frameworks */ = {
			isa = PBXFrameworksBuildPhase;
			buildActionMask = 2147483647;
			files = (
			);
			runOnlyForDeploymentPostprocessing = 0;
		};
/* End PBXFrameworksBuildPhase section */

/* Begin PBXGroup section */
		E92563F719E9B47000BEFA7F = {
			isa = PBXGroup;
			children = (
				E925640219E9B47000BEFA7F /* MakeTheImage */,
				E925641C19E9B47000BEFA7F /* MakeTheImageTests */,
				E925640119E9B47000BEFA7F /* Products */,
			);
			sourceTree = "<group>";
		};
		E925640119E9B47000BEFA7F /* Products */ = {
			isa = PBXGroup;
			children = (
				E925640019E9B47000BEFA7F /* MakeTheImage.app */,
				E925641919E9B47000BEFA7F /* MakeTheImageTests.xctest */,
			);
			name = Products;
			sourceTree = "<group>";
		};
		E925640219E9B47000BEFA7F /* MakeTheImage */ = {
			isa = PBXGroup;
			children = (
				E925647E19E9B90B00BEFA7F /* Delegados */,
				E925647F19E9B92000BEFA7F /* Controlladores */,
				E925640D19E9B47000BEFA7F /* Main.storyboard */,
				E925644E19E9B5DF00BEFA7F /* Img Finales */,
				E925642919E9B5B200BEFA7F /* FigurasIniciales */,
				E925641019E9B47000BEFA7F /* Images.xcassets */,
				E925641219E9B47000BEFA7F /* LaunchScreen.xib */,
				E925640319E9B47000BEFA7F /* Supporting Files */,
			);
			path = MakeTheImage;
			sourceTree = "<group>";
		};
		E925640319E9B47000BEFA7F /* Supporting Files */ = {
			isa = PBXGroup;
			children = (
				E925640419E9B47000BEFA7F /* Info.plist */,
				E925640519E9B47000BEFA7F /* main.m */,
			);
			name = "Supporting Files";
			sourceTree = "<group>";
		};
		E925641C19E9B47000BEFA7F /* MakeTheImageTests */ = {
			isa = PBXGroup;
			children = (
				E925641F19E9B47000BEFA7F /* MakeTheImageTests.m */,
				E925641D19E9B47000BEFA7F /* Supporting Files */,
			);
			path = MakeTheImageTests;
			sourceTree = "<group>";
		};
		E925641D19E9B47000BEFA7F /* Supporting Files */ = {
			isa = PBXGroup;
			children = (
				E925641E19E9B47000BEFA7F /* Info.plist */,
			);
			name = "Supporting Files";
			sourceTree = "<group>";
		};
		E925642919E9B5B200BEFA7F /* FigurasIniciales */ = {
			isa = PBXGroup;
			children = (
				E925642A19E9B5B200BEFA7F /* 1.png */,
				E925642B19E9B5B200BEFA7F /* 10.png */,
				E925642C19E9B5B200BEFA7F /* 11.png */,
				E925642D19E9B5B200BEFA7F /* 12.png */,
				E925642E19E9B5B200BEFA7F /* 13.png */,
				E925642F19E9B5B200BEFA7F /* 14.png */,
				E925643019E9B5B200BEFA7F /* 15.png */,
				E925643119E9B5B200BEFA7F /* 16.png */,
				E925643219E9B5B200BEFA7F /* 17.png */,
				E925643319E9B5B200BEFA7F /* 18.png */,
				E925643419E9B5B200BEFA7F /* 2.png */,
				E925643519E9B5B200BEFA7F /* 3.png */,
				E925643619E9B5B200BEFA7F /* 4.png */,
				E925643719E9B5B200BEFA7F /* 5.png */,
				E925643819E9B5B200BEFA7F /* 6.png */,
				E925643919E9B5B200BEFA7F /* 7.png */,
				E925643A19E9B5B200BEFA7F /* 8.png */,
				E925643B19E9B5B200BEFA7F /* 9.png */,
			);
			path = FigurasIniciales;
			sourceTree = "<group>";
		};
		E925644E19E9B5DF00BEFA7F /* Img Finales */ = {
			isa = PBXGroup;
			children = (
				E925644F19E9B5DF00BEFA7F /* 1.jpg */,
				E925645019E9B5DF00BEFA7F /* 10.jpg */,
				E925645119E9B5DF00BEFA7F /* 11.jpg */,
				E925645219E9B5DF00BEFA7F /* 12.jpg */,
				E925645319E9B5DF00BEFA7F /* 13.jpg */,
				E925645419E9B5DF00BEFA7F /* 14.jpg */,
				E925645519E9B5DF00BEFA7F /* 15.jpg */,
				E925645619E9B5DF00BEFA7F /* 16.jpg */,
				E925645719E9B5DF00BEFA7F /* 17.jpg */,
				E925645819E9B5DF00BEFA7F /* 18.jpg */,
				E925645919E9B5DF00BEFA7F /* 19.jpg */,
				E925645A19E9B5DF00BEFA7F /* 2.jpg */,
				E925645B19E9B5DF00BEFA7F /* 20.jpg */,
				E925645C19E9B5DF00BEFA7F /* 21.jpg */,
				E925645D19E9B5DF00BEFA7F /* 22.jpg */,
				E925645E19E9B5DF00BEFA7F /* 3.jpg */,
				E925645F19E9B5DF00BEFA7F /* 4.jpg */,
				E925646019E9B5DF00BEFA7F /* 5.jpg */,
				E925646119E9B5DF00BEFA7F /* 6.jpg */,
				E925646219E9B5DF00BEFA7F /* 7.jpg */,
				E925646319E9B5DF00BEFA7F /* 8.jpg */,
				E925646419E9B5DF00BEFA7F /* 9.jpg */,
			);
			path = "Img Finales";
			sourceTree = "<group>";
		};
		E925647E19E9B90B00BEFA7F /* Delegados */ = {
			isa = PBXGroup;
			children = (
				E925640719E9B47000BEFA7F /* AppDelegate.h */,
				E925640819E9B47000BEFA7F /* AppDelegate.m */,
			);
			name = Delegados;
			sourceTree = "<group>";
		};
		E925647F19E9B92000BEFA7F /* Controlladores */ = {
			isa = PBXGroup;
			children = (
				E925648019E9BB9900BEFA7F /* Celdas */,
				E925640A19E9B47000BEFA7F /* ViewController.h */,
				E925640B19E9B47000BEFA7F /* ViewController.m */,
				E925647B19E9B8FF00BEFA7F /* CollectionViewControllerNiveles.h */,
				E925647C19E9B8FF00BEFA7F /* CollectionViewControllerNiveles.m */,
			);
			name = Controlladores;
			sourceTree = "<group>";
		};
		E925648019E9BB9900BEFA7F /* Celdas */ = {
			isa = PBXGroup;
			children = (
				E925648119E9BBC200BEFA7F /* nivelCell.h */,
				E925648219E9BBC200BEFA7F /* nivelCell.m */,
				E925648419E9BBD700BEFA7F /* opcionesCell.h */,
				E925648519E9BBD700BEFA7F /* opcionesCell.m */,
			);
			name = Celdas;
			sourceTree = "<group>";
		};
/* End PBXGroup section */

/* Begin PBXNativeTarget section */
		E92563FF19E9B47000BEFA7F /* MakeTheImage */ = {
			isa = PBXNativeTarget;
			buildConfigurationList = E925642319E9B47000BEFA7F /* Build configuration list for PBXNativeTarget "MakeTheImage" */;
			buildPhases = (
				E92563FC19E9B47000BEFA7F /* Sources */,
				E92563FD19E9B47000BEFA7F /* Frameworks */,
				E92563FE19E9B47000BEFA7F /* Resources */,
			);
			buildRules = (
			);
			dependencies = (
			);
			name = MakeTheImage;
			productName = MakeTheImage;
			productReference = E925640019E9B47000BEFA7F /* MakeTheImage.app */;
			productType = "com.apple.product-type.application";
		};
		E925641819E9B47000BEFA7F /* MakeTheImageTests */ = {
			isa = PBXNativeTarget;
			buildConfigurationList = E925642619E9B47000BEFA7F /* Build configuration list for PBXNativeTarget "MakeTheImageTests" */;
			buildPhases = (
				E925641519E9B47000BEFA7F /* Sources */,
				E925641619E9B47000BEFA7F /* Frameworks */,
				E925641719E9B47000BEFA7F /* Resources */,
			);
			buildRules = (
			);
			dependencies = (
				E925641B19E9B47000BEFA7F /* PBXTargetDependency */,
			);
			name = MakeTheImageTests;
			productName = MakeTheImageTests;
			productReference = E925641919E9B47000BEFA7F /* MakeTheImageTests.xctest */;
			productType = "com.apple.product-type.bundle.unit-test";
		};
/* End PBXNativeTarget section */

/* Begin PBXProject section */
		E92563F819E9B47000BEFA7F /* Project object */ = {
			isa = PBXProject;
			attributes = {
				LastUpgradeCheck = 0600;
				ORGANIZATIONNAME = Emmanuel;
				TargetAttributes = {
					E92563FF19E9B47000BEFA7F = {
						CreatedOnToolsVersion = 6.0.1;
					};
					E925641819E9B47000BEFA7F = {
						CreatedOnToolsVersion = 6.0.1;
						TestTargetID = E92563FF19E9B47000BEFA7F;
					};
				};
			};
			buildConfigurationList = E92563FB19E9B47000BEFA7F /* Build configuration list for PBXProject "MakeTheImage" */;
			compatibilityVersion = "Xcode 3.2";
			developmentRegion = English;
			hasScannedForEncodings = 0;
			knownRegions = (
				en,
				Base,
			);
			mainGroup = E92563F719E9B47000BEFA7F;
			productRefGroup = E925640119E9B47000BEFA7F /* Products */;
			projectDirPath = "";
			projectRoot = "";
			targets = (
				E92563FF19E9B47000BEFA7F /* MakeTheImage */,
				E925641819E9B47000BEFA7F /* MakeTheImageTests */,
			);
		};
/* End PBXProject section */

/* Begin PBXResourcesBuildPhase section */
		E92563FE19E9B47000BEFA7F /* Resources */ = {
			isa = PBXResourcesBuildPhase;
			buildActionMask = 2147483647;
			files = (
				E925647019E9B5DF00BEFA7F /* 2.jpg in Resources */,
				E925644C19E9B5B200BEFA7F /* 8.png in Resources */,
				E925644719E9B5B200BEFA7F /* 3.png in Resources */,
				E925644519E9B5B200BEFA7F /* 18.png in Resources */,
				E925646E19E9B5DF00BEFA7F /* 18.jpg in Resources */,
				E925643D19E9B5B200BEFA7F /* 10.png in Resources */,
				E925647919E9B5DF00BEFA7F /* 8.jpg in Resources */,
				E925647519E9B5DF00BEFA7F /* 4.jpg in Resources */,
				E925646619E9B5DF00BEFA7F /* 10.jpg in Resources */,
				E925646819E9B5DF00BEFA7F /* 12.jpg in Resources */,
				E925644619E9B5B200BEFA7F /* 2.png in Resources */,
				E925646C19E9B5DF00BEFA7F /* 16.jpg in Resources */,
				E925646B19E9B5DF00BEFA7F /* 15.jpg in Resources */,
				E925644419E9B5B200BEFA7F /* 17.png in Resources */,
				E925644919E9B5B200BEFA7F /* 5.png in Resources */,
				E925646A19E9B5DF00BEFA7F /* 14.jpg in Resources */,
				E925644119E9B5B200BEFA7F /* 14.png in Resources */,
				E925643E19E9B5B200BEFA7F /* 11.png in Resources */,
				E925644D19E9B5B200BEFA7F /* 9.png in Resources */,
				E925647A19E9B5DF00BEFA7F /* 9.jpg in Resources */,
				E925646D19E9B5DF00BEFA7F /* 17.jpg in Resources */,
				E925643F19E9B5B200BEFA7F /* 12.png in Resources */,
				E925647119E9B5DF00BEFA7F /* 20.jpg in Resources */,
				E925647419E9B5DF00BEFA7F /* 3.jpg in Resources */,
				E925646919E9B5DF00BEFA7F /* 13.jpg in Resources */,
				E925647819E9B5DF00BEFA7F /* 7.jpg in Resources */,
				E925646519E9B5DF00BEFA7F /* 1.jpg in Resources */,
				E925640F19E9B47000BEFA7F /* Main.storyboard in Resources */,
				E925644219E9B5B200BEFA7F /* 15.png in Resources */,
				E925646719E9B5DF00BEFA7F /* 11.jpg in Resources */,
				E925647219E9B5DF00BEFA7F /* 21.jpg in Resources */,
				E925643C19E9B5B200BEFA7F /* 1.png in Resources */,
				E925644A19E9B5B200BEFA7F /* 6.png in Resources */,
				E925644319E9B5B200BEFA7F /* 16.png in Resources */,
				E925644819E9B5B200BEFA7F /* 4.png in Resources */,
				E925644019E9B5B200BEFA7F /* 13.png in Resources */,
				E925647619E9B5DF00BEFA7F /* 5.jpg in Resources */,
				E925647719E9B5DF00BEFA7F /* 6.jpg in Resources */,
				E925641419E9B47000BEFA7F /* LaunchScreen.xib in Resources */,
				E925641119E9B47000BEFA7F /* Images.xcassets in Resources */,
				E925647319E9B5DF00BEFA7F /* 22.jpg in Resources */,
				E925644B19E9B5B200BEFA7F /* 7.png in Resources */,
				E925646F19E9B5DF00BEFA7F /* 19.jpg in Resources */,
			);
			runOnlyForDeploymentPostprocessing = 0;
		};
		E925641719E9B47000BEFA7F /* Resources */ = {
			isa = PBXResourcesBuildPhase;
			buildActionMask = 2147483647;
			files = (
			);
			runOnlyForDeploymentPostprocessing = 0;
		};
/* End PBXResourcesBuildPhase section */

/* Begin PBXSourcesBuildPhase section */
		E92563FC19E9B47000BEFA7F /* Sources */ = {
			isa = PBXSourcesBuildPhase;
			buildActionMask = 2147483647;
			files = (
				E925640C19E9B47000BEFA7F /* ViewController.m in Sources */,
				E925640919E9B47000BEFA7F /* AppDelegate.m in Sources */,
				E925640619E9B47000BEFA7F /* main.m in Sources */,
				E925647D19E9B8FF00BEFA7F /* CollectionViewControllerNiveles.m in Sources */,
				E925648319E9BBC200BEFA7F /* nivelCell.m in Sources */,
				E925648619E9BBD700BEFA7F /* opcionesCell.m in Sources */,
			);
			runOnlyForDeploymentPostprocessing = 0;
		};
		E925641519E9B47000BEFA7F /* Sources */ = {
			isa = PBXSourcesBuildPhase;
			buildActionMask = 2147483647;
			files = (
				E925642019E9B47000BEFA7F /* MakeTheImageTests.m in Sources */,
			);
			runOnlyForDeploymentPostprocessing = 0;
		};
/* End PBXSourcesBuildPhase section */

/* Begin PBXTargetDependency section */
		E925641B19E9B47000BEFA7F /* PBXTargetDependency */ = {
			isa = PBXTargetDependency;
			target = E92563FF19E9B47000BEFA7F /* MakeTheImage */;
			targetProxy = E925641A19E9B47000BEFA7F /* PBXContainerItemProxy */;
		};
/* End PBXTargetDependency section */

/* Begin PBXVariantGroup section */
		E925640D19E9B47000BEFA7F /* Main.storyboard */ = {
			isa = PBXVariantGroup;
			children = (
				E925640E19E9B47000BEFA7F /* Base */,
			);
			name = Main.storyboard;
			sourceTree = "<group>";
		};
		E925641219E9B47000BEFA7F /* LaunchScreen.xib */ = {
			isa = PBXVariantGroup;
			children = (
				E925641319E9B47000BEFA7F /* Base */,
			);
			name = LaunchScreen.xib;
			sourceTree = "<group>";
		};
/* End PBXVariantGroup section */

/* Begin XCBuildConfiguration section */
		E925642119E9B47000BEFA7F /* Debug */ = {
			isa = XCBuildConfiguration;
			buildSettings = {
				ALWAYS_SEARCH_USER_PATHS = NO;
				CLANG_CXX_LANGUAGE_STANDARD = "gnu++0x";
				CLANG_CXX_LIBRARY = "libc++";
				CLANG_ENABLE_MODULES = YES;
				CLANG_ENABLE_OBJC_ARC = YES;
				CLANG_WARN_BOOL_CONVERSION = YES;
				CLANG_WARN_CONSTANT_CONVERSION = YES;
				CLANG_WARN_DIRECT_OBJC_ISA_USAGE = YES_ERROR;
				CLANG_WARN_EMPTY_BODY = YES;
				CLANG_WARN_ENUM_CONVERSION = YES;
				CLANG_WARN_INT_CONVERSION = YES;
				CLANG_WARN_OBJC_ROOT_CLASS = YES_ERROR;
				CLANG_WARN_UNREACHABLE_CODE = YES;
				CLANG_WARN__DUPLICATE_METHOD_MATCH = YES;
				"CODE_SIGN_IDENTITY[sdk=iphoneos*]" = "iPhone Developer";
				COPY_PHASE_STRIP = NO;
				ENABLE_STRICT_OBJC_MSGSEND = YES;
				GCC_C_LANGUAGE_STANDARD = gnu99;
				GCC_DYNAMIC_NO_PIC = NO;
				GCC_OPTIMIZATION_LEVEL = 0;
				GCC_PREPROCESSOR_DEFINITIONS = (
					"DEBUG=1",
					"$(inherited)",
				);
				GCC_SYMBOLS_PRIVATE_EXTERN = NO;
				GCC_WARN_64_TO_32_BIT_CONVERSION = YES;
				GCC_WARN_ABOUT_RETURN_TYPE = YES_ERROR;
				GCC_WARN_UNDECLARED_SELECTOR = YES;
				GCC_WARN_UNINITIALIZED_AUTOS = YES_AGGRESSIVE;
				GCC_WARN_UNUSED_FUNCTION = YES;
				GCC_WARN_UNUSED_VARIABLE = YES;
				IPHONEOS_DEPLOYMENT_TARGET = 8.0;
				MTL_ENABLE_DEBUG_INFO = YES;
				ONLY_ACTIVE_ARCH = YES;
				SDKROOT = iphoneos;
				TARGETED_DEVICE_FAMILY = "1,2";
			};
			name = Debug;
		};
		E925642219E9B47000BEFA7F /* Release */ = {
			isa = XCBuildConfiguration;
			buildSettings = {
				ALWAYS_SEARCH_USER_PATHS = NO;
				CLANG_CXX_LANGUAGE_STANDARD = "gnu++0x";
				CLANG_CXX_LIBRARY = "libc++";
				CLANG_ENABLE_MODULES = YES;
				CLANG_ENABLE_OBJC_ARC = YES;
				CLANG_WARN_BOOL_CONVERSION = YES;
				CLANG_WARN_CONSTANT_CONVERSION = YES;
				CLANG_WARN_DIRECT_OBJC_ISA_USAGE = YES_ERROR;
				CLANG_WARN_EMPTY_BODY = YES;
				CLANG_WARN_ENUM_CONVERSION = YES;
				CLANG_WARN_INT_CONVERSION = YES;
				CLANG_WARN_OBJC_ROOT_CLASS = YES_ERROR;
				CLANG_WARN_UNREACHABLE_CODE = YES;
				CLANG_WARN__DUPLICATE_METHOD_MATCH = YES;
				"CODE_SIGN_IDENTITY[sdk=iphoneos*]" = "iPhone Developer";
				COPY_PHASE_STRIP = YES;
				ENABLE_NS_ASSERTIONS = NO;
				ENABLE_STRICT_OBJC_MSGSEND = YES;
				GCC_C_LANGUAGE_STANDARD = gnu99;
				GCC_WARN_64_TO_32_BIT_CONVERSION = YES;
				GCC_WARN_ABOUT_RETURN_TYPE = YES_ERROR;
				GCC_WARN_UNDECLARED_SELECTOR = YES;
				GCC_WARN_UNINITIALIZED_AUTOS = YES_AGGRESSIVE;
				GCC_WARN_UNUSED_FUNCTION = YES;
				GCC_WARN_UNUSED_VARIABLE = YES;
				IPHONEOS_DEPLOYMENT_TARGET = 8.0;
				MTL_ENABLE_DEBUG_INFO = NO;
				SDKROOT = iphoneos;
				TARGETED_DEVICE_FAMILY = "1,2";
				VALIDATE_PRODUCT = YES;
			};
			name = Release;
		};
		E925642419E9B47000BEFA7F /* Debug */ = {
			isa = XCBuildConfiguration;
			buildSettings = {
				ASSETCATALOG_COMPILER_APPICON_NAME = AppIcon;
				INFOPLIST_FILE = MakeTheImage/Info.plist;
				LD_RUNPATH_SEARCH_PATHS = "$(inherited) @executable_path/Frameworks";
				PRODUCT_NAME = "$(TARGET_NAME)";
			};
			name = Debug;
		};
		E925642519E9B47000BEFA7F /* Release */ = {
			isa = XCBuildConfiguration;
			buildSettings = {
				ASSETCATALOG_COMPILER_APPICON_NAME = AppIcon;
				INFOPLIST_FILE = MakeTheImage/Info.plist;
				LD_RUNPATH_SEARCH_PATHS = "$(inherited) @executable_path/Frameworks";
				PRODUCT_NAME = "$(TARGET_NAME)";
			};
			name = Release;
		};
		E925642719E9B47000BEFA7F /* Debug */ = {
			isa = XCBuildConfiguration;
			buildSettings = {
				BUNDLE_LOADER = "$(TEST_HOST)";
				FRAMEWORK_SEARCH_PATHS = (
					"$(SDKROOT)/Developer/Library/Frameworks",
					"$(inherited)",
				);
				GCC_PREPROCESSOR_DEFINITIONS = (
					"DEBUG=1",
					"$(inherited)",
				);
				INFOPLIST_FILE = MakeTheImageTests/Info.plist;
				LD_RUNPATH_SEARCH_PATHS = "$(inherited) @executable_path/Frameworks @loader_path/Frameworks";
				PRODUCT_NAME = "$(TARGET_NAME)";
				TEST_HOST = "$(BUILT_PRODUCTS_DIR)/MakeTheImage.app/MakeTheImage";
			};
			name = Debug;
		};
		E925642819E9B47000BEFA7F /* Release */ = {
			isa = XCBuildConfiguration;
			buildSettings = {
				BUNDLE_LOADER = "$(TEST_HOST)";
				FRAMEWORK_SEARCH_PATHS = (
					"$(SDKROOT)/Developer/Library/Frameworks",
					"$(inherited)",
				);
				INFOPLIST_FILE = MakeTheImageTests/Info.plist;
				LD_RUNPATH_SEARCH_PATHS = "$(inherited) @executable_path/Frameworks @loader_path/Frameworks";
				PRODUCT_NAME = "$(TARGET_NAME)";
				TEST_HOST = "$(BUILT_PRODUCTS_DIR)/MakeTheImage.app/MakeTheImage";
			};
			name = Release;
		};
/* End XCBuildConfiguration section */

/* Begin XCConfigurationList section */
		E92563FB19E9B47000BEFA7F /* Build configuration list for PBXProject "MakeTheImage" */ = {
			isa = XCConfigurationList;
			buildConfigurations = (
				E925642119E9B47000BEFA7F /* Debug */,
				E925642219E9B47000BEFA7F /* Release */,
			);
			defaultConfigurationIsVisible = 0;
			defaultConfigurationName = Release;
		};
		E925642319E9B47000BEFA7F /* Build configuration list for PBXNativeTarget "MakeTheImage" */ = {
			isa = XCConfigurationList;
			buildConfigurations = (
				E925642419E9B47000BEFA7F /* Debug */,
				E925642519E9B47000BEFA7F /* Release */,
			);
			defaultConfigurationIsVisible = 0;
			defaultConfigurationName = Release;
		};
		E925642619E9B47000BEFA7F /* Build configuration list for PBXNativeTarget "MakeTheImageTests" */ = {
			isa = XCConfigurationList;
			buildConfigurations = (
				E925642719E9B47000BEFA7F /* Debug */,
				E925642819E9B47000BEFA7F /* Release */,
			);
			defaultConfigurationIsVisible = 0;
			defaultConfigurationName = Release;
		};
/* End XCConfigurationList section */
	};
	rootObject = E92563F819E9B47000BEFA7F /* Project object */;
}
